
Microsoft Visual Studio Solution File, Format Version 12.00
# Visual Studio Version 17
VisualStudioVersion = 17.5.33627.172
MinimumVisualStudioVersion = 10.0.40219.1
Project("{FAE04EC0-301F-11D3-BF4B-00C04F79EFBC}") = "ProjetoRPG_Equipe4", "ProjetoRPG_Equipe4.csproj", "{B0CB7B40-588A-47C6-B1E8-77387317B6EF}"
EndProject
Global
	GlobalSection(SolutionConfigurationPlatforms) = preSolution
		Debug|Any CPU = Debug|Any CPU
		Release|Any CPU = Release|Any CPU
	EndGlobalSection
	GlobalSection(ProjectConfigurationPlatforms) = postSolution
		{B0CB7B40-588A-47C6-B1E8-77387317B6EF}.Debug|Any CPU.ActiveCfg = Debug|Any CPU
		{B0CB7B40-588A-47C6-B1E8-77387317B6EF}.Debug|Any CPU.Build.0 = Debug|Any CPU
		{B0CB7B40-588A-47C6-B1E8-77387317B6EF}.Release|Any CPU.ActiveCfg = Release|Any CPU
		{B0CB7B40-588A-47C6-B1E8-77387317B6EF}.Release|Any CPU.Build.0 = Release|Any CPU
	EndGlobalSection
	GlobalSection(SolutionProperties) = preSolution
		HideSolutionNode = FALSE
	EndGlobalSection
	GlobalSection(ExtensibilityGlobals) = postSolution
		SolutionGuid = {61B3233C-87A4-487F-95EB-3E22F55CF7B6}
	EndGlobalSection
EndGlobal
